<?xml version="1.0" encoding="utf-8"?>
<Project ToolsVersion="4.0" xmlns="http://schemas.microsoft.com/developer/msbuild/2003">
  <ItemGroup>
    <Filter Include="Source Files">
      <UniqueIdentifier>{f1e0941a-65f9-417a-b4b7-36c9b97904e4}</UniqueIdentifier>
      <Extensions>cpp;c;cxx;rc;def;r;odl;idl;hpj;bat</Extensions>
    </Filter>
    <Filter Include="Header Files">
      <UniqueIdentifier>{241bffdc-0311-4ace-baf8-b2e2a59bd3df}</UniqueIdentifier>
      <Extensions>h;hpp;hxx;hm;inl</Extensions>
    </Filter>
    <Filter Include="Resource Files">
      <UniqueIdentifier>{8ad7f39d-93aa-4fef-927b-a4f5bee9932c}</UniqueIdentifier>
      <Extensions>ico;cur;bmp;dlg;rc2;rct;bin;rgs;gif;jpg;jpeg;jpe</Extensions>
    </Filter>
  </ItemGroup>
  <ItemGroup>
    <ClCompile Include="..\..\libxslt\attributes.c">
      <Filter>Source Files</Filter>
    </ClCompile>
    <ClCompile Include="..\..\libxslt\documents.c">
      <Filter>Source Files</Filter>
    </ClCompile>
    <ClCompile Include="..\..\libxslt\extensions.c">
      <Filter>Source Files</Filter>
    </ClCompile>
    <ClCompile Include="..\..\libxslt\extra.c">
      <Filter>Source Files</Filter>
    </ClCompile>
    <ClCompile Include="..\..\libxslt\functions.c">
      <Filter>Source Files</Filter>
    </ClCompile>
    <ClCompile Include="..\..\libxslt\imports.c">
      <Filter>Source Files</Filter>
    </ClCompile>
    <ClCompile Include="..\..\libxslt\keys.c">
      <Filter>Source Files</Filter>
    </ClCompile>
    <ClCompile Include="..\..\libxslt\namespaces.c">
      <Filter>Source Files</Filter>
    </ClCompile>
    <ClCompile Include="..\..\libxslt\numbers.c">
      <Filter>Source Files</Filter>
    </ClCompile>
    <ClCompile Include="..\..\libxslt\pattern.c">
      <Filter>Source Files</Filter>
    </ClCompile>
    <ClCompile Include="..\..\libxslt\preproc.c">
      <Filter>Source Files</Filter>
    </ClCompile>
    <ClCompile Include="..\..\libxslt\templates.c">
      <Filter>Source Files</Filter>
    </ClCompile>
    <ClCompile Include="..\..\libxslt\transform.c">
      <Filter>Source Files</Filter>
    </ClCompile>
    <ClCompile Include="..\..\libxslt\variables.c">
      <Filter>Source Files</Filter>
    </ClCompile>
    <ClCompile Include="..\..\libxslt\xslt.c">
      <Filter>Source Files</Filter>
    </ClCompile>
    <ClCompile Include="..\..\libxslt\xsltutils.c">
      <Filter>Source Files</Filter>
    </ClCompile>
    <ClCompile Include="..\..\libxslt\xsltlocale.c">
      <Filter>Source Files</Filter>
    </ClCompile>
    <ClCompile Include="..\..\libxslt\security.c">
      <Filter>Source Files</Filter>
    </ClCompile>
    <ClCompile Include="..\..\libxslt\attrvt.c">
      <Filter>Source Files</Filter>
    </ClCompile>
  </ItemGroup>
  <ItemGroup>
    <ClInclude Include="..\..\libxslt\attributes.h">
      <Filter>Header Files</Filter>
    </ClInclude>
    <ClInclude Include="..\..\config.h">
      <Filter>Header Files</Filter>
    </ClInclude>
    <ClInclude Include="..\..\libxslt\documents.h">
      <Filter>Header Files</Filter>
    </ClInclude>
    <ClInclude Include="..\..\libxslt\extensions.h">
      <Filter>Header Files</Filter>
    </ClInclude>
    <ClInclude Include="..\..\libxslt\extra.h">
      <Filter>Header Files</Filter>
    </ClInclude>
    <ClInclude Include="..\..\libxslt\functions.h">
      <Filter>Header Files</Filter>
    </ClInclude>
    <ClInclude Include="..\..\libxslt\imports.h">
      <Filter>Header Files</Filter>
    </ClInclude>
    <ClInclude Include="..\..\libxslt\keys.h">
      <Filter>Header Files</Filter>
    </ClInclude>
    <ClInclude Include="..\..\libxslt\namespaces.h">
      <Filter>Header Files</Filter>
    </ClInclude>
    <ClInclude Include="..\..\libxslt\numbersInternals.h">
      <Filter>Header Files</Filter>
    </ClInclude>
    <ClInclude Include="..\..\libxslt\pattern.h">
      <Filter>Header Files</Filter>
    </ClInclude>
    <ClInclude Include="..\..\libxslt\preproc.h">
      <Filter>Header Files</Filter>
    </ClInclude>
    <ClInclude Include="..\..\libxslt\templates.h">
      <Filter>Header Files</Filter>
    </ClInclude>
    <ClInclude Include="..\..\libxslt\transform.h">
      <Filter>Header Files</Filter>
    </ClInclude>
    <ClInclude Include="..\..\libxslt\variables.h">
      <Filter>Header Files</Filter>
    </ClInclude>
    <ClInclude Include="..\..\libxslt\xslt.h">
      <Filter>Header Files</Filter>
    </ClInclude>
    <ClInclude Include="..\..\libxslt\xsltconfig.h">
      <Filter>Header Files</Filter>
    </ClInclude>
    <ClInclude Include="..\..\libxslt\xsltInternals.h">
      <Filter>Header Files</Filter>
    </ClInclude>
    <ClInclude Include="..\..\libxslt\xsltutils.h">
      <Filter>Header Files</Filter>
    </ClInclude>
  </ItemGroup>
  <ItemGroup>
    <CustomBuild Include="libxslt.def">
      <Filter>Source Files</Filter>
    </CustomBuild>
  </ItemGroup>
</Project>