Microsoft Visual Studio Solution File, Format Version 12.00
# Visual Studio Version 16
VisualStudioVersion = 16.0.30413.136
MinimumVisualStudioVersion = 10.0.40219.1
Project("{8BC9CEB8-8B4A-11D0-8D11-00A0C91BC942}") = "XMLTools", "XMLTools.vcxproj", "{3CA1BA6F-6F79-2DC7-7E96-6B4E11A31EFC}"
EndProject
Project("{8BC9CEB8-8B4A-11D0-8D11-00A0C91BC942}") = "SimpleXml", "SimpleXmlLib\SimpleXml\SimpleXml.vcxproj", "{C7CF5DA7-16D1-4E03-936A-B71CAC37D26C}"
EndProject
Project("{8BC9CEB8-8B4A-11D0-8D11-00A0C91BC942}") = "SimpleXmlTests", "SimpleXmlLib\SimpleXmlTests\SimpleXmlTests.vcxproj", "{CF38951D-84F3-4283-9690-D6E931BE7D83}"
EndProject
Project("{8BC9CEB8-8B4A-11D0-8D11-00A0C91BC942}") = "XMLToolsTests", "XMLToolsTests\XMLToolsTests.vcxproj", "{D0B86693-D92E-4D72-AB4E-67951EFB720C}"
	ProjectSection(ProjectDependencies) = postProject
		{3CA1BA6F-6F79-2DC7-7E96-6B4E11A31EFC} = {3CA1BA6F-6F79-2DC7-7E96-6B4E11A31EFC}
	EndProjectSection
EndProject
Global
	GlobalSection(SolutionConfigurationPlatforms) = preSolution
		Debug|Win32 = Debug|Win32
		Debug|x64 = Debug|x64
		Release|Win32 = Release|Win32
		Release|x64 = Release|x64
	EndGlobalSection
	GlobalSection(ProjectConfigurationPlatforms) = postSolution
		{3CA1BA6F-6F79-2DC7-7E96-6B4E11A31EFC}.Debug|Win32.ActiveCfg = Debug|Win32
		{3CA1BA6F-6F79-2DC7-7E96-6B4E11A31EFC}.Debug|Win32.Build.0 = Debug|Win32
		{3CA1BA6F-6F79-2DC7-7E96-6B4E11A31EFC}.Debug|x64.ActiveCfg = Debug|x64
		{3CA1BA6F-6F79-2DC7-7E96-6B4E11A31EFC}.Debug|x64.Build.0 = Debug|x64
		{3CA1BA6F-6F79-2DC7-7E96-6B4E11A31EFC}.Release|Win32.ActiveCfg = Release|Win32
		{3CA1BA6F-6F79-2DC7-7E96-6B4E11A31EFC}.Release|Win32.Build.0 = Release|Win32
		{3CA1BA6F-6F79-2DC7-7E96-6B4E11A31EFC}.Release|x64.ActiveCfg = Release|x64
		{3CA1BA6F-6F79-2DC7-7E96-6B4E11A31EFC}.Release|x64.Build.0 = Release|x64
		{C7CF5DA7-16D1-4E03-936A-B71CAC37D26C}.Debug|Win32.ActiveCfg = Debug|Win32
		{C7CF5DA7-16D1-4E03-936A-B71CAC37D26C}.Debug|Win32.Build.0 = Debug|Win32
		{C7CF5DA7-16D1-4E03-936A-B71CAC37D26C}.Debug|x64.ActiveCfg = Debug|x64
		{C7CF5DA7-16D1-4E03-936A-B71CAC37D26C}.Debug|x64.Build.0 = Debug|x64
		{C7CF5DA7-16D1-4E03-936A-B71CAC37D26C}.Release|Win32.ActiveCfg = Release|Win32
		{C7CF5DA7-16D1-4E03-936A-B71CAC37D26C}.Release|Win32.Build.0 = Release|Win32
		{C7CF5DA7-16D1-4E03-936A-B71CAC37D26C}.Release|x64.ActiveCfg = Release|x64
		{C7CF5DA7-16D1-4E03-936A-B71CAC37D26C}.Release|x64.Build.0 = Release|x64
		{CF38951D-84F3-4283-9690-D6E931BE7D83}.Debug|Win32.ActiveCfg = Debug|Win32
		{CF38951D-84F3-4283-9690-D6E931BE7D83}.Debug|Win32.Build.0 = Debug|Win32
		{CF38951D-84F3-4283-9690-D6E931BE7D83}.Debug|x64.ActiveCfg = Debug|x64
		{CF38951D-84F3-4283-9690-D6E931BE7D83}.Debug|x64.Build.0 = Debug|x64
		{CF38951D-84F3-4283-9690-D6E931BE7D83}.Release|Win32.ActiveCfg = Release|Win32
		{CF38951D-84F3-4283-9690-D6E931BE7D83}.Release|Win32.Build.0 = Release|Win32
		{CF38951D-84F3-4283-9690-D6E931BE7D83}.Release|x64.ActiveCfg = Release|x64
		{CF38951D-84F3-4283-9690-D6E931BE7D83}.Release|x64.Build.0 = Release|x64
		{D0B86693-D92E-4D72-AB4E-67951EFB720C}.Debug|Win32.ActiveCfg = Debug|Win32
		{D0B86693-D92E-4D72-AB4E-67951EFB720C}.Debug|Win32.Build.0 = Debug|Win32
		{D0B86693-D92E-4D72-AB4E-67951EFB720C}.Debug|x64.ActiveCfg = Debug|x64
		{D0B86693-D92E-4D72-AB4E-67951EFB720C}.Debug|x64.Build.0 = Debug|x64
		{D0B86693-D92E-4D72-AB4E-67951EFB720C}.Release|Win32.ActiveCfg = Release|Win32
		{D0B86693-D92E-4D72-AB4E-67951EFB720C}.Release|Win32.Build.0 = Release|Win32
		{D0B86693-D92E-4D72-AB4E-67951EFB720C}.Release|x64.ActiveCfg = Release|x64
		{D0B86693-D92E-4D72-AB4E-67951EFB720C}.Release|x64.Build.0 = Release|x64
	EndGlobalSection
	GlobalSection(SolutionProperties) = preSolution
		HideSolutionNode = FALSE
	EndGlobalSection
	GlobalSection(ExtensibilityGlobals) = postSolution
		SolutionGuid = {0594A59B-6663-4C2E-8809-08DB62838BEC}
	EndGlobalSection
EndGlobal
