Microsoft Visual Studio Solution File, Format Version 7.00
Project("{8BC9CEB8-8B4A-11D0-8D11-00A0C91BC942}") = "XMLTools", "XMLTools.vcproj", "{1D455034-2315-41F6-A8B9-6CDEFCD21876}"
EndProject
Global
	GlobalSection(SolutionConfiguration) = preSolution
		ConfigName.0 = Debug
		ConfigName.1 = Release
	EndGlobalSection
	GlobalSection(ProjectDependencies) = postSolution
	EndGlobalSection
	GlobalSection(ProjectConfiguration) = postSolution
		{1D455034-2315-41F6-A8B9-6CDEFCD21876}.Debug.ActiveCfg = Debug|Win32
		{1D455034-2315-41F6-A8B9-6CDEFCD21876}.Debug.Build.0 = Debug|Win32
		{1D455034-2315-41F6-A8B9-6CDEFCD21876}.Release.ActiveCfg = Release|Win32
		{1D455034-2315-41F6-A8B9-6CDEFCD21876}.Release.Build.0 = Release|Win32
	EndGlobalSection
	GlobalSection(ExtensibilityGlobals) = postSolution
	EndGlobalSection
	GlobalSection(ExtensibilityAddIns) = postSolution
	EndGlobalSection
EndGlobal
