<?xml version="1.0" encoding="utf-8"?>
<Project ToolsVersion="4.0" xmlns="http://schemas.microsoft.com/developer/msbuild/2003">
  <ItemGroup>
    <Filter Include="XmlTools">
      <UniqueIdentifier>{95d80086-47f5-432e-a9fa-bdd1ae1f5bf5}</UniqueIdentifier>
    </Filter>
  </ItemGroup>
  <ItemGroup>
    <ClCompile Include="..\SimpleXmlLexer.cpp">
      <Filter>XmlTools</Filter>
    </ClCompile>
    <ClCompile Include="..\XmlPrettyPrinter.cpp">
      <Filter>XmlTools</Filter>
    </ClCompile>
    <ClCompile Include="StdAfx.cpp" />
    <ClCompile Include="XmlPrettyPrinterTests.cpp" />
  </ItemGroup>
  <ItemGroup>
    <ClInclude Include="..\SimpleXmlLexer.h">
      <Filter>XmlTools</Filter>
    </ClInclude>
    <ClInclude Include="..\XmlPrettyPrinter.h">
      <Filter>XmlTools</Filter>
    </ClInclude>
    <ClInclude Include="StdAfx.h" />
  </ItemGroup>
  <ItemGroup>
    <None Include="packages.config" />
  </ItemGroup>
</Project>